
Microsoft Visual Studio Solution File, Format Version 12.00
# Visual Studio 15
VisualStudioVersion = 15.0.28307.1169
MinimumVisualStudioVersion = 10.0.40219.1
Project("{FAE04EC0-301F-11D3-BF4B-00C04F79EFBC}") = "TestPlanDriver", "TestPlanDriver\TestPlanDriver.csproj", "{E2365577-551A-40CA-A2CE-FA9253B55189}"
	ProjectSection(ProjectDependencies) = postProject
		{617C4B16-7BD6-40F0-BF0C-E90E0E843DB5} = {617C4B16-7BD6-40F0-BF0C-E90E0E843DB5}
		{3B4D3680-1358-4983-B326-A8658ED1B08C} = {3B4D3680-1358-4983-B326-A8658ED1B08C}
		{4CAA70BB-5804-464B-B2AF-31558523DBB4} = {4CAA70BB-5804-464B-B2AF-31558523DBB4}
		{2D831CBC-E343-46D5-9E84-0997AD932D0F} = {2D831CBC-E343-46D5-9E84-0997AD932D0F}
		{81FE14CB-677D-4F30-91B4-1BF604FAF2BD} = {81FE14CB-677D-4F30-91B4-1BF604FAF2BD}
	EndProjectSection
EndProject
Project("{FAE04EC0-301F-11D3-BF4B-00C04F79EFBC}") = "TestLib", "TestLib\TestLib.csproj", "{81FE14CB-677D-4F30-91B4-1BF604FAF2BD}"
EndProject
Project("{2150E333-8FDC-42A3-9474-1A3956D46DE8}") = "Solution Items", "Solution Items", "{604004EB-B514-4D36-8C31-BB6478BF4FE5}"
EndProject
Project("{FAE04EC0-301F-11D3-BF4B-00C04F79EFBC}") = "EqLib", "EqLib\EqLib.csproj", "{4CAA70BB-5804-464B-B2AF-31558523DBB4}"
EndProject
Project("{FAE04EC0-301F-11D3-BF4B-00C04F79EFBC}") = "IqWaveform", "IqWaveform\IqWaveform.csproj", "{3B4D3680-1358-4983-B326-A8658ED1B08C}"
EndProject
Project("{FAE04EC0-301F-11D3-BF4B-00C04F79EFBC}") = "GuCal", "GuCal\GuCal.csproj", "{2D831CBC-E343-46D5-9E84-0997AD932D0F}"
	ProjectSection(ProjectDependencies) = postProject
		{3B4D3680-1358-4983-B326-A8658ED1B08C} = {3B4D3680-1358-4983-B326-A8658ED1B08C}
		{4CAA70BB-5804-464B-B2AF-31558523DBB4} = {4CAA70BB-5804-464B-B2AF-31558523DBB4}
	EndProjectSection
EndProject
Project("{FAE04EC0-301F-11D3-BF4B-00C04F79EFBC}") = "LibFBAR_TOPAZ", "LibFBAR_TOPAZ\LibFBAR_TOPAZ.csproj", "{E9CABFEB-A5D8-4EBE-9E30-4A6E66B46F86}"
EndProject
Project("{FAE04EC0-301F-11D3-BF4B-00C04F79EFBC}") = "StopWatchManager", "StopWatchManager\StopWatchManager.csproj", "{884D3BD0-9F3E-49C1-89A6-132359A07E13}"
EndProject
Project("{FAE04EC0-301F-11D3-BF4B-00C04F79EFBC}") = "ClothoLibAlgo", "ClothoLibAlgo\ClothoLibAlgo.csproj", "{220A6F97-0A99-4DB8-AAE6-B41B681723E5}"
EndProject
Project("{2150E333-8FDC-42A3-9474-1A3956D46DE8}") = "PAProjects", "PAProjects", "{CE29CC6E-F5DC-4F85-BC00-F0FAC9B791C6}"
EndProject
Project("{2150E333-8FDC-42A3-9474-1A3956D46DE8}") = "FBARProjects", "FBARProjects", "{07D7B5C6-FC93-49DD-B03A-76C3B54FC9A5}"
EndProject
Project("{2150E333-8FDC-42A3-9474-1A3956D46DE8}") = "TestPlan", "TestPlan", "{E706DAD4-1084-4982-AB90-ED8E96479EAA}"
EndProject
Project("{FAE04EC0-301F-11D3-BF4B-00C04F79EFBC}") = "Header_Processor", "Header_Processor\Header_Processor.csproj", "{C5074A6E-5B41-4C82-91C2-F8C68088C288}"
EndProject
Project("{FAE04EC0-301F-11D3-BF4B-00C04F79EFBC}") = "SparamTestLib", "SParamTestLib\SparamTestLib.csproj", "{CA092584-5921-4256-A591-131BC55FC20A}"
EndProject
Project("{2150E333-8FDC-42A3-9474-1A3956D46DE8}") = "CommonProjects", "CommonProjects", "{458897BD-948A-42A3-B3C8-22F8CE85353F}"
EndProject
Project("{2150E333-8FDC-42A3-9474-1A3956D46DE8}") = "TestPlanCurrent", "TestPlanCurrent", "{9D328F8A-5ABF-4A04-9CF4-D3A096EB8E32}"
EndProject
Project("{FAE04EC0-301F-11D3-BF4B-00C04F79EFBC}") = "SParamTestCommon", "SParamTestCommon\SParamTestCommon.csproj", "{EB9FBD1C-DE94-4323-9CC7-50DD52A2D88B}"
EndProject
Project("{FAE04EC0-301F-11D3-BF4B-00C04F79EFBC}") = "TestPlanCommon", "TestPlanCommon\TestPlanCommon.csproj", "{2487CD75-7E93-4322-8F08-158DA1C11768}"
EndProject
Project("{FAE04EC0-301F-11D3-BF4B-00C04F79EFBC}") = "ProductionLib2", "ProductionLib\ProductionLib2.csproj", "{D1BA6F01-BE29-4C40-B371-B52692A56C9F}"
EndProject
Project("{FAE04EC0-301F-11D3-BF4B-00C04F79EFBC}") = "Avago.ATF.LightweightDriver", "Avago.ATF.LightweightDriver\Avago.ATF.LightweightDriver.csproj", "{CD373B7D-DD7A-45C2-B401-F847D9B46E7C}"
EndProject
Project("{FAE04EC0-301F-11D3-BF4B-00C04F79EFBC}") = "CalLib", "CalLib\CalLib.csproj", "{617C4B16-7BD6-40F0-BF0C-E90E0E843DB5}"
EndProject
Project("{FAE04EC0-301F-11D3-BF4B-00C04F79EFBC}") = "TestPlan_EdamFull", "TestPlan_EdamFull\TestPlan_EdamFull.csproj", "{C7343D1B-3F25-4F90-B74F-4122D8D6B5F9}"
EndProject
Project("{FAE04EC0-301F-11D3-BF4B-00C04F79EFBC}") = "LocalGUdatabase", "LocalGUdatabase\LocalGUdatabase\LocalGUdatabase.csproj", "{CB6F21C6-8301-4159-B4E7-601CC72B52B2}"
EndProject
Project("{FAE04EC0-301F-11D3-BF4B-00C04F79EFBC}") = "TestPlan_NUWAFull", "TestPlan_NUWAFull\TestPlan_NUWAFull.csproj", "{A9B9D2C9-45EF-471F-B841-DE5AD7F2D657}"
EndProject
Project("{FAE04EC0-301F-11D3-BF4B-00C04F79EFBC}") = "TestPlan_NathanFull", "TestPlan_NathanFull\TestPlan_NathanFull.csproj", "{F297E2F9-A51C-47AD-80E6-D79DC033DEB7}"
EndProject
Project("{FAE04EC0-301F-11D3-BF4B-00C04F79EFBC}") = "LibMQTTDriver", "LibMQTTDriver\LibMQTTDriver.csproj", "{CB3EDD09-DC48-4D06-816C-44321DE3A107}"
EndProject
Global
	GlobalSection(SolutionConfigurationPlatforms) = preSolution
		Debug|Any CPU = Debug|Any CPU
		Debug|Mixed Platforms = Debug|Mixed Platforms
		Debug|x64 = Debug|x64
		Debug|x86 = Debug|x86
		Encrypt|Any CPU = Encrypt|Any CPU
		Encrypt|Mixed Platforms = Encrypt|Mixed Platforms
		Encrypt|x64 = Encrypt|x64
		Encrypt|x86 = Encrypt|x86
		Release|Any CPU = Release|Any CPU
		Release|Mixed Platforms = Release|Mixed Platforms
		Release|x64 = Release|x64
		Release|x86 = Release|x86
		Description = Modular Test Plan
	EndGlobalSection
	GlobalSection(ProjectConfigurationPlatforms) = postSolution
		{E2365577-551A-40CA-A2CE-FA9253B55189}.Debug|Any CPU.ActiveCfg = Debug|Any CPU
		{E2365577-551A-40CA-A2CE-FA9253B55189}.Debug|Any CPU.Build.0 = Debug|Any CPU
		{E2365577-551A-40CA-A2CE-FA9253B55189}.Debug|Mixed Platforms.ActiveCfg = Debug|x64
		{E2365577-551A-40CA-A2CE-FA9253B55189}.Debug|Mixed Platforms.Build.0 = Debug|x64
		{E2365577-551A-40CA-A2CE-FA9253B55189}.Debug|x64.ActiveCfg = Debug|x64
		{E2365577-551A-40CA-A2CE-FA9253B55189}.Debug|x64.Build.0 = Debug|x64
		{E2365577-551A-40CA-A2CE-FA9253B55189}.Debug|x86.ActiveCfg = Debug|x86
		{E2365577-551A-40CA-A2CE-FA9253B55189}.Debug|x86.Build.0 = Debug|x86
		{E2365577-551A-40CA-A2CE-FA9253B55189}.Encrypt|Any CPU.ActiveCfg = Release|Any CPU
		{E2365577-551A-40CA-A2CE-FA9253B55189}.Encrypt|Any CPU.Build.0 = Release|Any CPU
		{E2365577-551A-40CA-A2CE-FA9253B55189}.Encrypt|Mixed Platforms.ActiveCfg = Release|x86
		{E2365577-551A-40CA-A2CE-FA9253B55189}.Encrypt|Mixed Platforms.Build.0 = Release|x86
		{E2365577-551A-40CA-A2CE-FA9253B55189}.Encrypt|x64.ActiveCfg = Release|x64
		{E2365577-551A-40CA-A2CE-FA9253B55189}.Encrypt|x64.Build.0 = Release|x64
		{E2365577-551A-40CA-A2CE-FA9253B55189}.Encrypt|x86.ActiveCfg = Release|x86
		{E2365577-551A-40CA-A2CE-FA9253B55189}.Encrypt|x86.Build.0 = Release|x86
		{E2365577-551A-40CA-A2CE-FA9253B55189}.Release|Any CPU.ActiveCfg = Release|Any CPU
		{E2365577-551A-40CA-A2CE-FA9253B55189}.Release|Any CPU.Build.0 = Release|Any CPU
		{E2365577-551A-40CA-A2CE-FA9253B55189}.Release|Mixed Platforms.ActiveCfg = Release|x86
		{E2365577-551A-40CA-A2CE-FA9253B55189}.Release|Mixed Platforms.Build.0 = Release|x86
		{E2365577-551A-40CA-A2CE-FA9253B55189}.Release|x64.ActiveCfg = Release|x64
		{E2365577-551A-40CA-A2CE-FA9253B55189}.Release|x64.Build.0 = Release|x64
		{E2365577-551A-40CA-A2CE-FA9253B55189}.Release|x86.ActiveCfg = Release|x86
		{E2365577-551A-40CA-A2CE-FA9253B55189}.Release|x86.Build.0 = Release|x86
		{81FE14CB-677D-4F30-91B4-1BF604FAF2BD}.Debug|Any CPU.ActiveCfg = Debug|Any CPU
		{81FE14CB-677D-4F30-91B4-1BF604FAF2BD}.Debug|Any CPU.Build.0 = Debug|Any CPU
		{81FE14CB-677D-4F30-91B4-1BF604FAF2BD}.Debug|Mixed Platforms.ActiveCfg = Debug|x64
		{81FE14CB-677D-4F30-91B4-1BF604FAF2BD}.Debug|Mixed Platforms.Build.0 = Debug|x64
		{81FE14CB-677D-4F30-91B4-1BF604FAF2BD}.Debug|x64.ActiveCfg = Debug|x64
		{81FE14CB-677D-4F30-91B4-1BF604FAF2BD}.Debug|x64.Build.0 = Debug|x64
		{81FE14CB-677D-4F30-91B4-1BF604FAF2BD}.Debug|x86.ActiveCfg = Debug|x86
		{81FE14CB-677D-4F30-91B4-1BF604FAF2BD}.Debug|x86.Build.0 = Debug|x86
		{81FE14CB-677D-4F30-91B4-1BF604FAF2BD}.Encrypt|Any CPU.ActiveCfg = Encrypt|Any CPU
		{81FE14CB-677D-4F30-91B4-1BF604FAF2BD}.Encrypt|Any CPU.Build.0 = Encrypt|Any CPU
		{81FE14CB-677D-4F30-91B4-1BF604FAF2BD}.Encrypt|Mixed Platforms.ActiveCfg = Encrypt|x86
		{81FE14CB-677D-4F30-91B4-1BF604FAF2BD}.Encrypt|Mixed Platforms.Build.0 = Encrypt|x86
		{81FE14CB-677D-4F30-91B4-1BF604FAF2BD}.Encrypt|x64.ActiveCfg = Encrypt|x64
		{81FE14CB-677D-4F30-91B4-1BF604FAF2BD}.Encrypt|x64.Build.0 = Encrypt|x64
		{81FE14CB-677D-4F30-91B4-1BF604FAF2BD}.Encrypt|x86.ActiveCfg = Encrypt|x86
		{81FE14CB-677D-4F30-91B4-1BF604FAF2BD}.Encrypt|x86.Build.0 = Encrypt|x86
		{81FE14CB-677D-4F30-91B4-1BF604FAF2BD}.Release|Any CPU.ActiveCfg = Release|Any CPU
		{81FE14CB-677D-4F30-91B4-1BF604FAF2BD}.Release|Any CPU.Build.0 = Release|Any CPU
		{81FE14CB-677D-4F30-91B4-1BF604FAF2BD}.Release|Mixed Platforms.ActiveCfg = Release|x86
		{81FE14CB-677D-4F30-91B4-1BF604FAF2BD}.Release|Mixed Platforms.Build.0 = Release|x86
		{81FE14CB-677D-4F30-91B4-1BF604FAF2BD}.Release|x64.ActiveCfg = Release|x64
		{81FE14CB-677D-4F30-91B4-1BF604FAF2BD}.Release|x64.Build.0 = Release|x64
		{81FE14CB-677D-4F30-91B4-1BF604FAF2BD}.Release|x86.ActiveCfg = Release|x86
		{81FE14CB-677D-4F30-91B4-1BF604FAF2BD}.Release|x86.Build.0 = Release|x86
		{4CAA70BB-5804-464B-B2AF-31558523DBB4}.Debug|Any CPU.ActiveCfg = Debug|Any CPU
		{4CAA70BB-5804-464B-B2AF-31558523DBB4}.Debug|Any CPU.Build.0 = Debug|Any CPU
		{4CAA70BB-5804-464B-B2AF-31558523DBB4}.Debug|Mixed Platforms.ActiveCfg = Debug|x64
		{4CAA70BB-5804-464B-B2AF-31558523DBB4}.Debug|Mixed Platforms.Build.0 = Debug|x64
		{4CAA70BB-5804-464B-B2AF-31558523DBB4}.Debug|x64.ActiveCfg = Debug|x64
		{4CAA70BB-5804-464B-B2AF-31558523DBB4}.Debug|x64.Build.0 = Debug|x64
		{4CAA70BB-5804-464B-B2AF-31558523DBB4}.Debug|x86.ActiveCfg = Debug|x86
		{4CAA70BB-5804-464B-B2AF-31558523DBB4}.Debug|x86.Build.0 = Debug|x86
		{4CAA70BB-5804-464B-B2AF-31558523DBB4}.Encrypt|Any CPU.ActiveCfg = Encrypt|Any CPU
		{4CAA70BB-5804-464B-B2AF-31558523DBB4}.Encrypt|Any CPU.Build.0 = Encrypt|Any CPU
		{4CAA70BB-5804-464B-B2AF-31558523DBB4}.Encrypt|Mixed Platforms.ActiveCfg = Encrypt|x86
		{4CAA70BB-5804-464B-B2AF-31558523DBB4}.Encrypt|Mixed Platforms.Build.0 = Encrypt|x86
		{4CAA70BB-5804-464B-B2AF-31558523DBB4}.Encrypt|x64.ActiveCfg = Encrypt|x64
		{4CAA70BB-5804-464B-B2AF-31558523DBB4}.Encrypt|x64.Build.0 = Encrypt|x64
		{4CAA70BB-5804-464B-B2AF-31558523DBB4}.Encrypt|x86.ActiveCfg = Encrypt|x86
		{4CAA70BB-5804-464B-B2AF-31558523DBB4}.Encrypt|x86.Build.0 = Encrypt|x86
		{4CAA70BB-5804-464B-B2AF-31558523DBB4}.Release|Any CPU.ActiveCfg = Release|Any CPU
		{4CAA70BB-5804-464B-B2AF-31558523DBB4}.Release|Any CPU.Build.0 = Release|Any CPU
		{4CAA70BB-5804-464B-B2AF-31558523DBB4}.Release|Mixed Platforms.ActiveCfg = Release|x86
		{4CAA70BB-5804-464B-B2AF-31558523DBB4}.Release|Mixed Platforms.Build.0 = Release|x86
		{4CAA70BB-5804-464B-B2AF-31558523DBB4}.Release|x64.ActiveCfg = Release|x64
		{4CAA70BB-5804-464B-B2AF-31558523DBB4}.Release|x64.Build.0 = Release|x64
		{4CAA70BB-5804-464B-B2AF-31558523DBB4}.Release|x86.ActiveCfg = Release|x86
		{4CAA70BB-5804-464B-B2AF-31558523DBB4}.Release|x86.Build.0 = Release|x86
		{3B4D3680-1358-4983-B326-A8658ED1B08C}.Debug|Any CPU.ActiveCfg = Debug|Any CPU
		{3B4D3680-1358-4983-B326-A8658ED1B08C}.Debug|Any CPU.Build.0 = Debug|Any CPU
		{3B4D3680-1358-4983-B326-A8658ED1B08C}.Debug|Mixed Platforms.ActiveCfg = Debug|x64
		{3B4D3680-1358-4983-B326-A8658ED1B08C}.Debug|Mixed Platforms.Build.0 = Debug|x64
		{3B4D3680-1358-4983-B326-A8658ED1B08C}.Debug|x64.ActiveCfg = Debug|x64
		{3B4D3680-1358-4983-B326-A8658ED1B08C}.Debug|x64.Build.0 = Debug|x64
		{3B4D3680-1358-4983-B326-A8658ED1B08C}.Debug|x86.ActiveCfg = Debug|x86
		{3B4D3680-1358-4983-B326-A8658ED1B08C}.Debug|x86.Build.0 = Debug|x86
		{3B4D3680-1358-4983-B326-A8658ED1B08C}.Encrypt|Any CPU.ActiveCfg = Release|Any CPU
		{3B4D3680-1358-4983-B326-A8658ED1B08C}.Encrypt|Any CPU.Build.0 = Release|Any CPU
		{3B4D3680-1358-4983-B326-A8658ED1B08C}.Encrypt|Mixed Platforms.ActiveCfg = Release|x86
		{3B4D3680-1358-4983-B326-A8658ED1B08C}.Encrypt|Mixed Platforms.Build.0 = Release|x86
		{3B4D3680-1358-4983-B326-A8658ED1B08C}.Encrypt|x64.ActiveCfg = Release|x64
		{3B4D3680-1358-4983-B326-A8658ED1B08C}.Encrypt|x64.Build.0 = Release|x64
		{3B4D3680-1358-4983-B326-A8658ED1B08C}.Encrypt|x86.ActiveCfg = Release|x86
		{3B4D3680-1358-4983-B326-A8658ED1B08C}.Encrypt|x86.Build.0 = Release|x86
		{3B4D3680-1358-4983-B326-A8658ED1B08C}.Release|Any CPU.ActiveCfg = Release|Any CPU
		{3B4D3680-1358-4983-B326-A8658ED1B08C}.Release|Any CPU.Build.0 = Release|Any CPU
		{3B4D3680-1358-4983-B326-A8658ED1B08C}.Release|Mixed Platforms.ActiveCfg = Release|x86
		{3B4D3680-1358-4983-B326-A8658ED1B08C}.Release|Mixed Platforms.Build.0 = Release|x86
		{3B4D3680-1358-4983-B326-A8658ED1B08C}.Release|x64.ActiveCfg = Release|x64
		{3B4D3680-1358-4983-B326-A8658ED1B08C}.Release|x64.Build.0 = Release|x64
		{3B4D3680-1358-4983-B326-A8658ED1B08C}.Release|x86.ActiveCfg = Release|x86
		{3B4D3680-1358-4983-B326-A8658ED1B08C}.Release|x86.Build.0 = Release|x86
		{2D831CBC-E343-46D5-9E84-0997AD932D0F}.Debug|Any CPU.ActiveCfg = Debug|Any CPU
		{2D831CBC-E343-46D5-9E84-0997AD932D0F}.Debug|Any CPU.Build.0 = Debug|Any CPU
		{2D831CBC-E343-46D5-9E84-0997AD932D0F}.Debug|Mixed Platforms.ActiveCfg = Debug|x64
		{2D831CBC-E343-46D5-9E84-0997AD932D0F}.Debug|Mixed Platforms.Build.0 = Debug|x64
		{2D831CBC-E343-46D5-9E84-0997AD932D0F}.Debug|x64.ActiveCfg = Debug|x64
		{2D831CBC-E343-46D5-9E84-0997AD932D0F}.Debug|x64.Build.0 = Debug|x64
		{2D831CBC-E343-46D5-9E84-0997AD932D0F}.Debug|x86.ActiveCfg = Debug|x86
		{2D831CBC-E343-46D5-9E84-0997AD932D0F}.Debug|x86.Build.0 = Debug|x86
		{2D831CBC-E343-46D5-9E84-0997AD932D0F}.Encrypt|Any CPU.ActiveCfg = Encrypt|Any CPU
		{2D831CBC-E343-46D5-9E84-0997AD932D0F}.Encrypt|Any CPU.Build.0 = Encrypt|Any CPU
		{2D831CBC-E343-46D5-9E84-0997AD932D0F}.Encrypt|Mixed Platforms.ActiveCfg = Encrypt|x86
		{2D831CBC-E343-46D5-9E84-0997AD932D0F}.Encrypt|Mixed Platforms.Build.0 = Encrypt|x86
		{2D831CBC-E343-46D5-9E84-0997AD932D0F}.Encrypt|x64.ActiveCfg = Encrypt|x64
		{2D831CBC-E343-46D5-9E84-0997AD932D0F}.Encrypt|x64.Build.0 = Encrypt|x64
		{2D831CBC-E343-46D5-9E84-0997AD932D0F}.Encrypt|x86.ActiveCfg = Encrypt|x86
		{2D831CBC-E343-46D5-9E84-0997AD932D0F}.Encrypt|x86.Build.0 = Encrypt|x86
		{2D831CBC-E343-46D5-9E84-0997AD932D0F}.Release|Any CPU.ActiveCfg = Release|Any CPU
		{2D831CBC-E343-46D5-9E84-0997AD932D0F}.Release|Any CPU.Build.0 = Release|Any CPU
		{2D831CBC-E343-46D5-9E84-0997AD932D0F}.Release|Mixed Platforms.ActiveCfg = Release|x86
		{2D831CBC-E343-46D5-9E84-0997AD932D0F}.Release|Mixed Platforms.Build.0 = Release|x86
		{2D831CBC-E343-46D5-9E84-0997AD932D0F}.Release|x64.ActiveCfg = Release|x64
		{2D831CBC-E343-46D5-9E84-0997AD932D0F}.Release|x64.Build.0 = Release|x64
		{2D831CBC-E343-46D5-9E84-0997AD932D0F}.Release|x86.ActiveCfg = Release|x86
		{2D831CBC-E343-46D5-9E84-0997AD932D0F}.Release|x86.Build.0 = Release|x86
		{E9CABFEB-A5D8-4EBE-9E30-4A6E66B46F86}.Debug|Any CPU.ActiveCfg = Debug|Any CPU
		{E9CABFEB-A5D8-4EBE-9E30-4A6E66B46F86}.Debug|Any CPU.Build.0 = Debug|Any CPU
		{E9CABFEB-A5D8-4EBE-9E30-4A6E66B46F86}.Debug|Mixed Platforms.ActiveCfg = Debug|x64
		{E9CABFEB-A5D8-4EBE-9E30-4A6E66B46F86}.Debug|Mixed Platforms.Build.0 = Debug|x64
		{E9CABFEB-A5D8-4EBE-9E30-4A6E66B46F86}.Debug|x64.ActiveCfg = Debug|x64
		{E9CABFEB-A5D8-4EBE-9E30-4A6E66B46F86}.Debug|x64.Build.0 = Debug|x64
		{E9CABFEB-A5D8-4EBE-9E30-4A6E66B46F86}.Debug|x86.ActiveCfg = Debug|x86
		{E9CABFEB-A5D8-4EBE-9E30-4A6E66B46F86}.Debug|x86.Build.0 = Debug|x86
		{E9CABFEB-A5D8-4EBE-9E30-4A6E66B46F86}.Encrypt|Any CPU.ActiveCfg = Release|Any CPU
		{E9CABFEB-A5D8-4EBE-9E30-4A6E66B46F86}.Encrypt|Any CPU.Build.0 = Release|Any CPU
		{E9CABFEB-A5D8-4EBE-9E30-4A6E66B46F86}.Encrypt|Mixed Platforms.ActiveCfg = Release|x86
		{E9CABFEB-A5D8-4EBE-9E30-4A6E66B46F86}.Encrypt|Mixed Platforms.Build.0 = Release|x86
		{E9CABFEB-A5D8-4EBE-9E30-4A6E66B46F86}.Encrypt|x64.ActiveCfg = Release|x64
		{E9CABFEB-A5D8-4EBE-9E30-4A6E66B46F86}.Encrypt|x64.Build.0 = Release|x64
		{E9CABFEB-A5D8-4EBE-9E30-4A6E66B46F86}.Encrypt|x86.ActiveCfg = Release|x86
		{E9CABFEB-A5D8-4EBE-9E30-4A6E66B46F86}.Encrypt|x86.Build.0 = Release|x86
		{E9CABFEB-A5D8-4EBE-9E30-4A6E66B46F86}.Release|Any CPU.ActiveCfg = Release|Any CPU
		{E9CABFEB-A5D8-4EBE-9E30-4A6E66B46F86}.Release|Any CPU.Build.0 = Release|Any CPU
		{E9CABFEB-A5D8-4EBE-9E30-4A6E66B46F86}.Release|Mixed Platforms.ActiveCfg = Release|x86
		{E9CABFEB-A5D8-4EBE-9E30-4A6E66B46F86}.Release|Mixed Platforms.Build.0 = Release|x86
		{E9CABFEB-A5D8-4EBE-9E30-4A6E66B46F86}.Release|x64.ActiveCfg = Release|x64
		{E9CABFEB-A5D8-4EBE-9E30-4A6E66B46F86}.Release|x64.Build.0 = Release|x64
		{E9CABFEB-A5D8-4EBE-9E30-4A6E66B46F86}.Release|x86.ActiveCfg = Release|x86
		{E9CABFEB-A5D8-4EBE-9E30-4A6E66B46F86}.Release|x86.Build.0 = Release|x86
		{884D3BD0-9F3E-49C1-89A6-132359A07E13}.Debug|Any CPU.ActiveCfg = Debug|Any CPU
		{884D3BD0-9F3E-49C1-89A6-132359A07E13}.Debug|Any CPU.Build.0 = Debug|Any CPU
		{884D3BD0-9F3E-49C1-89A6-132359A07E13}.Debug|Mixed Platforms.ActiveCfg = Debug|x64
		{884D3BD0-9F3E-49C1-89A6-132359A07E13}.Debug|Mixed Platforms.Build.0 = Debug|x64
		{884D3BD0-9F3E-49C1-89A6-132359A07E13}.Debug|x64.ActiveCfg = Debug|x64
		{884D3BD0-9F3E-49C1-89A6-132359A07E13}.Debug|x64.Build.0 = Debug|x64
		{884D3BD0-9F3E-49C1-89A6-132359A07E13}.Debug|x86.ActiveCfg = Debug|Any CPU
		{884D3BD0-9F3E-49C1-89A6-132359A07E13}.Debug|x86.Build.0 = Debug|Any CPU
		{884D3BD0-9F3E-49C1-89A6-132359A07E13}.Encrypt|Any CPU.ActiveCfg = Release|Any CPU
		{884D3BD0-9F3E-49C1-89A6-132359A07E13}.Encrypt|Any CPU.Build.0 = Release|Any CPU
		{884D3BD0-9F3E-49C1-89A6-132359A07E13}.Encrypt|Mixed Platforms.ActiveCfg = Release|Any CPU
		{884D3BD0-9F3E-49C1-89A6-132359A07E13}.Encrypt|Mixed Platforms.Build.0 = Release|Any CPU
		{884D3BD0-9F3E-49C1-89A6-132359A07E13}.Encrypt|x64.ActiveCfg = Release|Any CPU
		{884D3BD0-9F3E-49C1-89A6-132359A07E13}.Encrypt|x64.Build.0 = Release|Any CPU
		{884D3BD0-9F3E-49C1-89A6-132359A07E13}.Encrypt|x86.ActiveCfg = Release|Any CPU
		{884D3BD0-9F3E-49C1-89A6-132359A07E13}.Encrypt|x86.Build.0 = Release|Any CPU
		{884D3BD0-9F3E-49C1-89A6-132359A07E13}.Release|Any CPU.ActiveCfg = Release|Any CPU
		{884D3BD0-9F3E-49C1-89A6-132359A07E13}.Release|Any CPU.Build.0 = Release|Any CPU
		{884D3BD0-9F3E-49C1-89A6-132359A07E13}.Release|Mixed Platforms.ActiveCfg = Release|Any CPU
		{884D3BD0-9F3E-49C1-89A6-132359A07E13}.Release|Mixed Platforms.Build.0 = Release|Any CPU
		{884D3BD0-9F3E-49C1-89A6-132359A07E13}.Release|x64.ActiveCfg = Release|x64
		{884D3BD0-9F3E-49C1-89A6-132359A07E13}.Release|x64.Build.0 = Release|x64
		{884D3BD0-9F3E-49C1-89A6-132359A07E13}.Release|x86.ActiveCfg = Release|Any CPU
		{884D3BD0-9F3E-49C1-89A6-132359A07E13}.Release|x86.Build.0 = Release|Any CPU
		{220A6F97-0A99-4DB8-AAE6-B41B681723E5}.Debug|Any CPU.ActiveCfg = Debug|Any CPU
		{220A6F97-0A99-4DB8-AAE6-B41B681723E5}.Debug|Any CPU.Build.0 = Debug|Any CPU
		{220A6F97-0A99-4DB8-AAE6-B41B681723E5}.Debug|Mixed Platforms.ActiveCfg = Debug|x86
		{220A6F97-0A99-4DB8-AAE6-B41B681723E5}.Debug|Mixed Platforms.Build.0 = Debug|x86
		{220A6F97-0A99-4DB8-AAE6-B41B681723E5}.Debug|x64.ActiveCfg = Debug|x64
		{220A6F97-0A99-4DB8-AAE6-B41B681723E5}.Debug|x64.Build.0 = Debug|x64
		{220A6F97-0A99-4DB8-AAE6-B41B681723E5}.Debug|x86.ActiveCfg = Debug|x86
		{220A6F97-0A99-4DB8-AAE6-B41B681723E5}.Debug|x86.Build.0 = Debug|x86
		{220A6F97-0A99-4DB8-AAE6-B41B681723E5}.Encrypt|Any CPU.ActiveCfg = Encrypt|Any CPU
		{220A6F97-0A99-4DB8-AAE6-B41B681723E5}.Encrypt|Any CPU.Build.0 = Encrypt|Any CPU
		{220A6F97-0A99-4DB8-AAE6-B41B681723E5}.Encrypt|Mixed Platforms.ActiveCfg = Encrypt|x86
		{220A6F97-0A99-4DB8-AAE6-B41B681723E5}.Encrypt|Mixed Platforms.Build.0 = Encrypt|x86
		{220A6F97-0A99-4DB8-AAE6-B41B681723E5}.Encrypt|x64.ActiveCfg = Encrypt|x64
		{220A6F97-0A99-4DB8-AAE6-B41B681723E5}.Encrypt|x64.Build.0 = Encrypt|x64
		{220A6F97-0A99-4DB8-AAE6-B41B681723E5}.Encrypt|x86.ActiveCfg = Encrypt|x86
		{220A6F97-0A99-4DB8-AAE6-B41B681723E5}.Encrypt|x86.Build.0 = Encrypt|x86
		{220A6F97-0A99-4DB8-AAE6-B41B681723E5}.Release|Any CPU.ActiveCfg = Release|Any CPU
		{220A6F97-0A99-4DB8-AAE6-B41B681723E5}.Release|Any CPU.Build.0 = Release|Any CPU
		{220A6F97-0A99-4DB8-AAE6-B41B681723E5}.Release|Mixed Platforms.ActiveCfg = Release|x86
		{220A6F97-0A99-4DB8-AAE6-B41B681723E5}.Release|Mixed Platforms.Build.0 = Release|x86
		{220A6F97-0A99-4DB8-AAE6-B41B681723E5}.Release|x64.ActiveCfg = Release|x64
		{220A6F97-0A99-4DB8-AAE6-B41B681723E5}.Release|x64.Build.0 = Release|x64
		{220A6F97-0A99-4DB8-AAE6-B41B681723E5}.Release|x86.ActiveCfg = Release|x86
		{220A6F97-0A99-4DB8-AAE6-B41B681723E5}.Release|x86.Build.0 = Release|x86
		{C5074A6E-5B41-4C82-91C2-F8C68088C288}.Debug|Any CPU.ActiveCfg = Debug|Any CPU
		{C5074A6E-5B41-4C82-91C2-F8C68088C288}.Debug|Any CPU.Build.0 = Debug|Any CPU
		{C5074A6E-5B41-4C82-91C2-F8C68088C288}.Debug|Mixed Platforms.ActiveCfg = Debug|x64
		{C5074A6E-5B41-4C82-91C2-F8C68088C288}.Debug|Mixed Platforms.Build.0 = Debug|x64
		{C5074A6E-5B41-4C82-91C2-F8C68088C288}.Debug|x64.ActiveCfg = Debug|x64
		{C5074A6E-5B41-4C82-91C2-F8C68088C288}.Debug|x64.Build.0 = Debug|x64
		{C5074A6E-5B41-4C82-91C2-F8C68088C288}.Debug|x86.ActiveCfg = Debug|Any CPU
		{C5074A6E-5B41-4C82-91C2-F8C68088C288}.Debug|x86.Build.0 = Debug|Any CPU
		{C5074A6E-5B41-4C82-91C2-F8C68088C288}.Encrypt|Any CPU.ActiveCfg = Release|Any CPU
		{C5074A6E-5B41-4C82-91C2-F8C68088C288}.Encrypt|Any CPU.Build.0 = Release|Any CPU
		{C5074A6E-5B41-4C82-91C2-F8C68088C288}.Encrypt|Mixed Platforms.ActiveCfg = Release|Any CPU
		{C5074A6E-5B41-4C82-91C2-F8C68088C288}.Encrypt|Mixed Platforms.Build.0 = Release|Any CPU
		{C5074A6E-5B41-4C82-91C2-F8C68088C288}.Encrypt|x64.ActiveCfg = Release|x64
		{C5074A6E-5B41-4C82-91C2-F8C68088C288}.Encrypt|x64.Build.0 = Release|x64
		{C5074A6E-5B41-4C82-91C2-F8C68088C288}.Encrypt|x86.ActiveCfg = Release|Any CPU
		{C5074A6E-5B41-4C82-91C2-F8C68088C288}.Encrypt|x86.Build.0 = Release|Any CPU
		{C5074A6E-5B41-4C82-91C2-F8C68088C288}.Release|Any CPU.ActiveCfg = Release|Any CPU
		{C5074A6E-5B41-4C82-91C2-F8C68088C288}.Release|Any CPU.Build.0 = Release|Any CPU
		{C5074A6E-5B41-4C82-91C2-F8C68088C288}.Release|Mixed Platforms.ActiveCfg = Release|Any CPU
		{C5074A6E-5B41-4C82-91C2-F8C68088C288}.Release|Mixed Platforms.Build.0 = Release|Any CPU
		{C5074A6E-5B41-4C82-91C2-F8C68088C288}.Release|x64.ActiveCfg = Release|x64
		{C5074A6E-5B41-4C82-91C2-F8C68088C288}.Release|x64.Build.0 = Release|x64
		{C5074A6E-5B41-4C82-91C2-F8C68088C288}.Release|x86.ActiveCfg = Release|Any CPU
		{C5074A6E-5B41-4C82-91C2-F8C68088C288}.Release|x86.Build.0 = Release|Any CPU
		{CA092584-5921-4256-A591-131BC55FC20A}.Debug|Any CPU.ActiveCfg = Debug|Any CPU
		{CA092584-5921-4256-A591-131BC55FC20A}.Debug|Any CPU.Build.0 = Debug|Any CPU
		{CA092584-5921-4256-A591-131BC55FC20A}.Debug|Mixed Platforms.ActiveCfg = Debug|Any CPU
		{CA092584-5921-4256-A591-131BC55FC20A}.Debug|Mixed Platforms.Build.0 = Debug|Any CPU
		{CA092584-5921-4256-A591-131BC55FC20A}.Debug|x64.ActiveCfg = Debug|x64
		{CA092584-5921-4256-A591-131BC55FC20A}.Debug|x64.Build.0 = Debug|x64
		{CA092584-5921-4256-A591-131BC55FC20A}.Debug|x86.ActiveCfg = Debug|Any CPU
		{CA092584-5921-4256-A591-131BC55FC20A}.Debug|x86.Build.0 = Debug|Any CPU
		{CA092584-5921-4256-A591-131BC55FC20A}.Encrypt|Any CPU.ActiveCfg = Release|Any CPU
		{CA092584-5921-4256-A591-131BC55FC20A}.Encrypt|Any CPU.Build.0 = Release|Any CPU
		{CA092584-5921-4256-A591-131BC55FC20A}.Encrypt|Mixed Platforms.ActiveCfg = Release|Any CPU
		{CA092584-5921-4256-A591-131BC55FC20A}.Encrypt|Mixed Platforms.Build.0 = Release|Any CPU
		{CA092584-5921-4256-A591-131BC55FC20A}.Encrypt|x64.ActiveCfg = Release|x64
		{CA092584-5921-4256-A591-131BC55FC20A}.Encrypt|x64.Build.0 = Release|x64
		{CA092584-5921-4256-A591-131BC55FC20A}.Encrypt|x86.ActiveCfg = Release|Any CPU
		{CA092584-5921-4256-A591-131BC55FC20A}.Encrypt|x86.Build.0 = Release|Any CPU
		{CA092584-5921-4256-A591-131BC55FC20A}.Release|Any CPU.ActiveCfg = Release|Any CPU
		{CA092584-5921-4256-A591-131BC55FC20A}.Release|Any CPU.Build.0 = Release|Any CPU
		{CA092584-5921-4256-A591-131BC55FC20A}.Release|Mixed Platforms.ActiveCfg = Release|Any CPU
		{CA092584-5921-4256-A591-131BC55FC20A}.Release|Mixed Platforms.Build.0 = Release|Any CPU
		{CA092584-5921-4256-A591-131BC55FC20A}.Release|x64.ActiveCfg = Release|x64
		{CA092584-5921-4256-A591-131BC55FC20A}.Release|x64.Build.0 = Release|x64
		{CA092584-5921-4256-A591-131BC55FC20A}.Release|x86.ActiveCfg = Release|Any CPU
		{CA092584-5921-4256-A591-131BC55FC20A}.Release|x86.Build.0 = Release|Any CPU
		{EB9FBD1C-DE94-4323-9CC7-50DD52A2D88B}.Debug|Any CPU.ActiveCfg = Debug|Any CPU
		{EB9FBD1C-DE94-4323-9CC7-50DD52A2D88B}.Debug|Any CPU.Build.0 = Debug|Any CPU
		{EB9FBD1C-DE94-4323-9CC7-50DD52A2D88B}.Debug|Mixed Platforms.ActiveCfg = Debug|Any CPU
		{EB9FBD1C-DE94-4323-9CC7-50DD52A2D88B}.Debug|Mixed Platforms.Build.0 = Debug|Any CPU
		{EB9FBD1C-DE94-4323-9CC7-50DD52A2D88B}.Debug|x64.ActiveCfg = Debug|x64
		{EB9FBD1C-DE94-4323-9CC7-50DD52A2D88B}.Debug|x64.Build.0 = Debug|x64
		{EB9FBD1C-DE94-4323-9CC7-50DD52A2D88B}.Debug|x86.ActiveCfg = Debug|Any CPU
		{EB9FBD1C-DE94-4323-9CC7-50DD52A2D88B}.Debug|x86.Build.0 = Debug|Any CPU
		{EB9FBD1C-DE94-4323-9CC7-50DD52A2D88B}.Encrypt|Any CPU.ActiveCfg = Release|Any CPU
		{EB9FBD1C-DE94-4323-9CC7-50DD52A2D88B}.Encrypt|Any CPU.Build.0 = Release|Any CPU
		{EB9FBD1C-DE94-4323-9CC7-50DD52A2D88B}.Encrypt|Mixed Platforms.ActiveCfg = Release|Any CPU
		{EB9FBD1C-DE94-4323-9CC7-50DD52A2D88B}.Encrypt|Mixed Platforms.Build.0 = Release|Any CPU
		{EB9FBD1C-DE94-4323-9CC7-50DD52A2D88B}.Encrypt|x64.ActiveCfg = Release|Any CPU
		{EB9FBD1C-DE94-4323-9CC7-50DD52A2D88B}.Encrypt|x64.Build.0 = Release|Any CPU
		{EB9FBD1C-DE94-4323-9CC7-50DD52A2D88B}.Encrypt|x86.ActiveCfg = Release|Any CPU
		{EB9FBD1C-DE94-4323-9CC7-50DD52A2D88B}.Encrypt|x86.Build.0 = Release|Any CPU
		{EB9FBD1C-DE94-4323-9CC7-50DD52A2D88B}.Release|Any CPU.ActiveCfg = Release|Any CPU
		{EB9FBD1C-DE94-4323-9CC7-50DD52A2D88B}.Release|Any CPU.Build.0 = Release|Any CPU
		{EB9FBD1C-DE94-4323-9CC7-50DD52A2D88B}.Release|Mixed Platforms.ActiveCfg = Release|Any CPU
		{EB9FBD1C-DE94-4323-9CC7-50DD52A2D88B}.Release|Mixed Platforms.Build.0 = Release|Any CPU
		{EB9FBD1C-DE94-4323-9CC7-50DD52A2D88B}.Release|x64.ActiveCfg = Release|Any CPU
		{EB9FBD1C-DE94-4323-9CC7-50DD52A2D88B}.Release|x64.Build.0 = Release|Any CPU
		{EB9FBD1C-DE94-4323-9CC7-50DD52A2D88B}.Release|x86.ActiveCfg = Release|Any CPU
		{EB9FBD1C-DE94-4323-9CC7-50DD52A2D88B}.Release|x86.Build.0 = Release|Any CPU
		{2487CD75-7E93-4322-8F08-158DA1C11768}.Debug|Any CPU.ActiveCfg = Debug|Any CPU
		{2487CD75-7E93-4322-8F08-158DA1C11768}.Debug|Any CPU.Build.0 = Debug|Any CPU
		{2487CD75-7E93-4322-8F08-158DA1C11768}.Debug|Mixed Platforms.ActiveCfg = Debug|Any CPU
		{2487CD75-7E93-4322-8F08-158DA1C11768}.Debug|Mixed Platforms.Build.0 = Debug|Any CPU
		{2487CD75-7E93-4322-8F08-158DA1C11768}.Debug|x64.ActiveCfg = Debug|x64
		{2487CD75-7E93-4322-8F08-158DA1C11768}.Debug|x64.Build.0 = Debug|x64
		{2487CD75-7E93-4322-8F08-158DA1C11768}.Debug|x86.ActiveCfg = Debug|Any CPU
		{2487CD75-7E93-4322-8F08-158DA1C11768}.Debug|x86.Build.0 = Debug|Any CPU
		{2487CD75-7E93-4322-8F08-158DA1C11768}.Encrypt|Any CPU.ActiveCfg = Release|Any CPU
		{2487CD75-7E93-4322-8F08-158DA1C11768}.Encrypt|Any CPU.Build.0 = Release|Any CPU
		{2487CD75-7E93-4322-8F08-158DA1C11768}.Encrypt|Mixed Platforms.ActiveCfg = Release|Any CPU
		{2487CD75-7E93-4322-8F08-158DA1C11768}.Encrypt|Mixed Platforms.Build.0 = Release|Any CPU
		{2487CD75-7E93-4322-8F08-158DA1C11768}.Encrypt|x64.ActiveCfg = Release|Any CPU
		{2487CD75-7E93-4322-8F08-158DA1C11768}.Encrypt|x64.Build.0 = Release|Any CPU
		{2487CD75-7E93-4322-8F08-158DA1C11768}.Encrypt|x86.ActiveCfg = Release|Any CPU
		{2487CD75-7E93-4322-8F08-158DA1C11768}.Encrypt|x86.Build.0 = Release|Any CPU
		{2487CD75-7E93-4322-8F08-158DA1C11768}.Release|Any CPU.ActiveCfg = Release|Any CPU
		{2487CD75-7E93-4322-8F08-158DA1C11768}.Release|Any CPU.Build.0 = Release|Any CPU
		{2487CD75-7E93-4322-8F08-158DA1C11768}.Release|Mixed Platforms.ActiveCfg = Release|Any CPU
		{2487CD75-7E93-4322-8F08-158DA1C11768}.Release|Mixed Platforms.Build.0 = Release|Any CPU
		{2487CD75-7E93-4322-8F08-158DA1C11768}.Release|x64.ActiveCfg = Release|Any CPU
		{2487CD75-7E93-4322-8F08-158DA1C11768}.Release|x64.Build.0 = Release|Any CPU
		{2487CD75-7E93-4322-8F08-158DA1C11768}.Release|x86.ActiveCfg = Release|Any CPU
		{2487CD75-7E93-4322-8F08-158DA1C11768}.Release|x86.Build.0 = Release|Any CPU
		{D1BA6F01-BE29-4C40-B371-B52692A56C9F}.Debug|Any CPU.ActiveCfg = Debug|Any CPU
		{D1BA6F01-BE29-4C40-B371-B52692A56C9F}.Debug|Any CPU.Build.0 = Debug|Any CPU
		{D1BA6F01-BE29-4C40-B371-B52692A56C9F}.Debug|Mixed Platforms.ActiveCfg = Debug|Any CPU
		{D1BA6F01-BE29-4C40-B371-B52692A56C9F}.Debug|Mixed Platforms.Build.0 = Debug|Any CPU
		{D1BA6F01-BE29-4C40-B371-B52692A56C9F}.Debug|x64.ActiveCfg = Debug|x64
		{D1BA6F01-BE29-4C40-B371-B52692A56C9F}.Debug|x64.Build.0 = Debug|x64
		{D1BA6F01-BE29-4C40-B371-B52692A56C9F}.Debug|x86.ActiveCfg = Debug|Any CPU
		{D1BA6F01-BE29-4C40-B371-B52692A56C9F}.Debug|x86.Build.0 = Debug|Any CPU
		{D1BA6F01-BE29-4C40-B371-B52692A56C9F}.Encrypt|Any CPU.ActiveCfg = Release|Any CPU
		{D1BA6F01-BE29-4C40-B371-B52692A56C9F}.Encrypt|Any CPU.Build.0 = Release|Any CPU
		{D1BA6F01-BE29-4C40-B371-B52692A56C9F}.Encrypt|Mixed Platforms.ActiveCfg = Release|Any CPU
		{D1BA6F01-BE29-4C40-B371-B52692A56C9F}.Encrypt|Mixed Platforms.Build.0 = Release|Any CPU
		{D1BA6F01-BE29-4C40-B371-B52692A56C9F}.Encrypt|x64.ActiveCfg = Release|Any CPU
		{D1BA6F01-BE29-4C40-B371-B52692A56C9F}.Encrypt|x64.Build.0 = Release|Any CPU
		{D1BA6F01-BE29-4C40-B371-B52692A56C9F}.Encrypt|x86.ActiveCfg = Release|Any CPU
		{D1BA6F01-BE29-4C40-B371-B52692A56C9F}.Encrypt|x86.Build.0 = Release|Any CPU
		{D1BA6F01-BE29-4C40-B371-B52692A56C9F}.Release|Any CPU.ActiveCfg = Release|Any CPU
		{D1BA6F01-BE29-4C40-B371-B52692A56C9F}.Release|Any CPU.Build.0 = Release|Any CPU
		{D1BA6F01-BE29-4C40-B371-B52692A56C9F}.Release|Mixed Platforms.ActiveCfg = Release|Any CPU
		{D1BA6F01-BE29-4C40-B371-B52692A56C9F}.Release|Mixed Platforms.Build.0 = Release|Any CPU
		{D1BA6F01-BE29-4C40-B371-B52692A56C9F}.Release|x64.ActiveCfg = Release|Any CPU
		{D1BA6F01-BE29-4C40-B371-B52692A56C9F}.Release|x64.Build.0 = Release|Any CPU
		{D1BA6F01-BE29-4C40-B371-B52692A56C9F}.Release|x86.ActiveCfg = Release|Any CPU
		{D1BA6F01-BE29-4C40-B371-B52692A56C9F}.Release|x86.Build.0 = Release|Any CPU
		{CD373B7D-DD7A-45C2-B401-F847D9B46E7C}.Debug|Any CPU.ActiveCfg = Debug|Any CPU
		{CD373B7D-DD7A-45C2-B401-F847D9B46E7C}.Debug|Any CPU.Build.0 = Debug|Any CPU
		{CD373B7D-DD7A-45C2-B401-F847D9B46E7C}.Debug|Mixed Platforms.ActiveCfg = Debug|Any CPU
		{CD373B7D-DD7A-45C2-B401-F847D9B46E7C}.Debug|Mixed Platforms.Build.0 = Debug|Any CPU
		{CD373B7D-DD7A-45C2-B401-F847D9B46E7C}.Debug|x64.ActiveCfg = Debug|x64
		{CD373B7D-DD7A-45C2-B401-F847D9B46E7C}.Debug|x64.Build.0 = Debug|x64
		{CD373B7D-DD7A-45C2-B401-F847D9B46E7C}.Debug|x86.ActiveCfg = Debug|Any CPU
		{CD373B7D-DD7A-45C2-B401-F847D9B46E7C}.Debug|x86.Build.0 = Debug|Any CPU
		{CD373B7D-DD7A-45C2-B401-F847D9B46E7C}.Encrypt|Any CPU.ActiveCfg = Release|Any CPU
		{CD373B7D-DD7A-45C2-B401-F847D9B46E7C}.Encrypt|Any CPU.Build.0 = Release|Any CPU
		{CD373B7D-DD7A-45C2-B401-F847D9B46E7C}.Encrypt|Mixed Platforms.ActiveCfg = Release|Any CPU
		{CD373B7D-DD7A-45C2-B401-F847D9B46E7C}.Encrypt|Mixed Platforms.Build.0 = Release|Any CPU
		{CD373B7D-DD7A-45C2-B401-F847D9B46E7C}.Encrypt|x64.ActiveCfg = Release|x64
		{CD373B7D-DD7A-45C2-B401-F847D9B46E7C}.Encrypt|x64.Build.0 = Release|x64
		{CD373B7D-DD7A-45C2-B401-F847D9B46E7C}.Encrypt|x86.ActiveCfg = Release|Any CPU
		{CD373B7D-DD7A-45C2-B401-F847D9B46E7C}.Encrypt|x86.Build.0 = Release|Any CPU
		{CD373B7D-DD7A-45C2-B401-F847D9B46E7C}.Release|Any CPU.ActiveCfg = Release|Any CPU
		{CD373B7D-DD7A-45C2-B401-F847D9B46E7C}.Release|Any CPU.Build.0 = Release|Any CPU
		{CD373B7D-DD7A-45C2-B401-F847D9B46E7C}.Release|Mixed Platforms.ActiveCfg = Release|Any CPU
		{CD373B7D-DD7A-45C2-B401-F847D9B46E7C}.Release|Mixed Platforms.Build.0 = Release|Any CPU
		{CD373B7D-DD7A-45C2-B401-F847D9B46E7C}.Release|x64.ActiveCfg = Release|x64
		{CD373B7D-DD7A-45C2-B401-F847D9B46E7C}.Release|x64.Build.0 = Release|x64
		{CD373B7D-DD7A-45C2-B401-F847D9B46E7C}.Release|x86.ActiveCfg = Release|Any CPU
		{CD373B7D-DD7A-45C2-B401-F847D9B46E7C}.Release|x86.Build.0 = Release|Any CPU
		{617C4B16-7BD6-40F0-BF0C-E90E0E843DB5}.Debug|Any CPU.ActiveCfg = Debug|Any CPU
		{617C4B16-7BD6-40F0-BF0C-E90E0E843DB5}.Debug|Any CPU.Build.0 = Debug|Any CPU
		{617C4B16-7BD6-40F0-BF0C-E90E0E843DB5}.Debug|Mixed Platforms.ActiveCfg = Debug|Any CPU
		{617C4B16-7BD6-40F0-BF0C-E90E0E843DB5}.Debug|Mixed Platforms.Build.0 = Debug|Any CPU
		{617C4B16-7BD6-40F0-BF0C-E90E0E843DB5}.Debug|x64.ActiveCfg = Debug|x64
		{617C4B16-7BD6-40F0-BF0C-E90E0E843DB5}.Debug|x64.Build.0 = Debug|x64
		{617C4B16-7BD6-40F0-BF0C-E90E0E843DB5}.Debug|x86.ActiveCfg = Debug|Any CPU
		{617C4B16-7BD6-40F0-BF0C-E90E0E843DB5}.Debug|x86.Build.0 = Debug|Any CPU
		{617C4B16-7BD6-40F0-BF0C-E90E0E843DB5}.Encrypt|Any CPU.ActiveCfg = Release|Any CPU
		{617C4B16-7BD6-40F0-BF0C-E90E0E843DB5}.Encrypt|Any CPU.Build.0 = Release|Any CPU
		{617C4B16-7BD6-40F0-BF0C-E90E0E843DB5}.Encrypt|Mixed Platforms.ActiveCfg = Release|Any CPU
		{617C4B16-7BD6-40F0-BF0C-E90E0E843DB5}.Encrypt|Mixed Platforms.Build.0 = Release|Any CPU
		{617C4B16-7BD6-40F0-BF0C-E90E0E843DB5}.Encrypt|x64.ActiveCfg = Release|x64
		{617C4B16-7BD6-40F0-BF0C-E90E0E843DB5}.Encrypt|x64.Build.0 = Release|x64
		{617C4B16-7BD6-40F0-BF0C-E90E0E843DB5}.Encrypt|x86.ActiveCfg = Release|Any CPU
		{617C4B16-7BD6-40F0-BF0C-E90E0E843DB5}.Encrypt|x86.Build.0 = Release|Any CPU
		{617C4B16-7BD6-40F0-BF0C-E90E0E843DB5}.Release|Any CPU.ActiveCfg = Release|Any CPU
		{617C4B16-7BD6-40F0-BF0C-E90E0E843DB5}.Release|Any CPU.Build.0 = Release|Any CPU
		{617C4B16-7BD6-40F0-BF0C-E90E0E843DB5}.Release|Mixed Platforms.ActiveCfg = Release|Any CPU
		{617C4B16-7BD6-40F0-BF0C-E90E0E843DB5}.Release|Mixed Platforms.Build.0 = Release|Any CPU
		{617C4B16-7BD6-40F0-BF0C-E90E0E843DB5}.Release|x64.ActiveCfg = Release|x64
		{617C4B16-7BD6-40F0-BF0C-E90E0E843DB5}.Release|x64.Build.0 = Release|x64
		{617C4B16-7BD6-40F0-BF0C-E90E0E843DB5}.Release|x86.ActiveCfg = Release|Any CPU
		{617C4B16-7BD6-40F0-BF0C-E90E0E843DB5}.Release|x86.Build.0 = Release|Any CPU
		{C7343D1B-3F25-4F90-B74F-4122D8D6B5F9}.Debug|Any CPU.ActiveCfg = Debug|Any CPU
		{C7343D1B-3F25-4F90-B74F-4122D8D6B5F9}.Debug|Any CPU.Build.0 = Debug|Any CPU
		{C7343D1B-3F25-4F90-B74F-4122D8D6B5F9}.Debug|Mixed Platforms.ActiveCfg = Debug|Any CPU
		{C7343D1B-3F25-4F90-B74F-4122D8D6B5F9}.Debug|Mixed Platforms.Build.0 = Debug|Any CPU
		{C7343D1B-3F25-4F90-B74F-4122D8D6B5F9}.Debug|x64.ActiveCfg = Debug|x64
		{C7343D1B-3F25-4F90-B74F-4122D8D6B5F9}.Debug|x64.Build.0 = Debug|x64
		{C7343D1B-3F25-4F90-B74F-4122D8D6B5F9}.Debug|x86.ActiveCfg = Debug|Any CPU
		{C7343D1B-3F25-4F90-B74F-4122D8D6B5F9}.Debug|x86.Build.0 = Debug|Any CPU
		{C7343D1B-3F25-4F90-B74F-4122D8D6B5F9}.Encrypt|Any CPU.ActiveCfg = Release|Any CPU
		{C7343D1B-3F25-4F90-B74F-4122D8D6B5F9}.Encrypt|Any CPU.Build.0 = Release|Any CPU
		{C7343D1B-3F25-4F90-B74F-4122D8D6B5F9}.Encrypt|Mixed Platforms.ActiveCfg = Release|Any CPU
		{C7343D1B-3F25-4F90-B74F-4122D8D6B5F9}.Encrypt|Mixed Platforms.Build.0 = Release|Any CPU
		{C7343D1B-3F25-4F90-B74F-4122D8D6B5F9}.Encrypt|x64.ActiveCfg = Release|x64
		{C7343D1B-3F25-4F90-B74F-4122D8D6B5F9}.Encrypt|x64.Build.0 = Release|x64
		{C7343D1B-3F25-4F90-B74F-4122D8D6B5F9}.Encrypt|x86.ActiveCfg = Release|Any CPU
		{C7343D1B-3F25-4F90-B74F-4122D8D6B5F9}.Encrypt|x86.Build.0 = Release|Any CPU
		{C7343D1B-3F25-4F90-B74F-4122D8D6B5F9}.Release|Any CPU.ActiveCfg = Release|Any CPU
		{C7343D1B-3F25-4F90-B74F-4122D8D6B5F9}.Release|Any CPU.Build.0 = Release|Any CPU
		{C7343D1B-3F25-4F90-B74F-4122D8D6B5F9}.Release|Mixed Platforms.ActiveCfg = Release|Any CPU
		{C7343D1B-3F25-4F90-B74F-4122D8D6B5F9}.Release|Mixed Platforms.Build.0 = Release|Any CPU
		{C7343D1B-3F25-4F90-B74F-4122D8D6B5F9}.Release|x64.ActiveCfg = Release|x64
		{C7343D1B-3F25-4F90-B74F-4122D8D6B5F9}.Release|x64.Build.0 = Release|x64
		{C7343D1B-3F25-4F90-B74F-4122D8D6B5F9}.Release|x86.ActiveCfg = Release|Any CPU
		{C7343D1B-3F25-4F90-B74F-4122D8D6B5F9}.Release|x86.Build.0 = Release|Any CPU
		{CB6F21C6-8301-4159-B4E7-601CC72B52B2}.Debug|Any CPU.ActiveCfg = Debug|Any CPU
		{CB6F21C6-8301-4159-B4E7-601CC72B52B2}.Debug|Any CPU.Build.0 = Debug|Any CPU
		{CB6F21C6-8301-4159-B4E7-601CC72B52B2}.Debug|Mixed Platforms.ActiveCfg = Debug|Any CPU
		{CB6F21C6-8301-4159-B4E7-601CC72B52B2}.Debug|Mixed Platforms.Build.0 = Debug|Any CPU
		{CB6F21C6-8301-4159-B4E7-601CC72B52B2}.Debug|x64.ActiveCfg = Debug|x64
		{CB6F21C6-8301-4159-B4E7-601CC72B52B2}.Debug|x64.Build.0 = Debug|x64
		{CB6F21C6-8301-4159-B4E7-601CC72B52B2}.Debug|x86.ActiveCfg = Debug|Any CPU
		{CB6F21C6-8301-4159-B4E7-601CC72B52B2}.Debug|x86.Build.0 = Debug|Any CPU
		{CB6F21C6-8301-4159-B4E7-601CC72B52B2}.Encrypt|Any CPU.ActiveCfg = Release|Any CPU
		{CB6F21C6-8301-4159-B4E7-601CC72B52B2}.Encrypt|Any CPU.Build.0 = Release|Any CPU
		{CB6F21C6-8301-4159-B4E7-601CC72B52B2}.Encrypt|Mixed Platforms.ActiveCfg = Release|Any CPU
		{CB6F21C6-8301-4159-B4E7-601CC72B52B2}.Encrypt|Mixed Platforms.Build.0 = Release|Any CPU
		{CB6F21C6-8301-4159-B4E7-601CC72B52B2}.Encrypt|x64.ActiveCfg = Release|x64
		{CB6F21C6-8301-4159-B4E7-601CC72B52B2}.Encrypt|x64.Build.0 = Release|x64
		{CB6F21C6-8301-4159-B4E7-601CC72B52B2}.Encrypt|x86.ActiveCfg = Release|Any CPU
		{CB6F21C6-8301-4159-B4E7-601CC72B52B2}.Encrypt|x86.Build.0 = Release|Any CPU
		{CB6F21C6-8301-4159-B4E7-601CC72B52B2}.Release|Any CPU.ActiveCfg = Release|Any CPU
		{CB6F21C6-8301-4159-B4E7-601CC72B52B2}.Release|Any CPU.Build.0 = Release|Any CPU
		{CB6F21C6-8301-4159-B4E7-601CC72B52B2}.Release|Mixed Platforms.ActiveCfg = Release|Any CPU
		{CB6F21C6-8301-4159-B4E7-601CC72B52B2}.Release|Mixed Platforms.Build.0 = Release|Any CPU
		{CB6F21C6-8301-4159-B4E7-601CC72B52B2}.Release|x64.ActiveCfg = Release|x64
		{CB6F21C6-8301-4159-B4E7-601CC72B52B2}.Release|x64.Build.0 = Release|x64
		{CB6F21C6-8301-4159-B4E7-601CC72B52B2}.Release|x86.ActiveCfg = Release|Any CPU
		{CB6F21C6-8301-4159-B4E7-601CC72B52B2}.Release|x86.Build.0 = Release|Any CPU
		{A9B9D2C9-45EF-471F-B841-DE5AD7F2D657}.Debug|Any CPU.ActiveCfg = Debug|Any CPU
		{A9B9D2C9-45EF-471F-B841-DE5AD7F2D657}.Debug|Any CPU.Build.0 = Debug|Any CPU
		{A9B9D2C9-45EF-471F-B841-DE5AD7F2D657}.Debug|Mixed Platforms.ActiveCfg = Debug|Any CPU
		{A9B9D2C9-45EF-471F-B841-DE5AD7F2D657}.Debug|Mixed Platforms.Build.0 = Debug|Any CPU
		{A9B9D2C9-45EF-471F-B841-DE5AD7F2D657}.Debug|x64.ActiveCfg = Debug|x64
		{A9B9D2C9-45EF-471F-B841-DE5AD7F2D657}.Debug|x64.Build.0 = Debug|x64
		{A9B9D2C9-45EF-471F-B841-DE5AD7F2D657}.Debug|x86.ActiveCfg = Debug|Any CPU
		{A9B9D2C9-45EF-471F-B841-DE5AD7F2D657}.Debug|x86.Build.0 = Debug|Any CPU
		{A9B9D2C9-45EF-471F-B841-DE5AD7F2D657}.Encrypt|Any CPU.ActiveCfg = Release|Any CPU
		{A9B9D2C9-45EF-471F-B841-DE5AD7F2D657}.Encrypt|Any CPU.Build.0 = Release|Any CPU
		{A9B9D2C9-45EF-471F-B841-DE5AD7F2D657}.Encrypt|Mixed Platforms.ActiveCfg = Release|Any CPU
		{A9B9D2C9-45EF-471F-B841-DE5AD7F2D657}.Encrypt|Mixed Platforms.Build.0 = Release|Any CPU
		{A9B9D2C9-45EF-471F-B841-DE5AD7F2D657}.Encrypt|x64.ActiveCfg = Release|x64
		{A9B9D2C9-45EF-471F-B841-DE5AD7F2D657}.Encrypt|x64.Build.0 = Release|x64
		{A9B9D2C9-45EF-471F-B841-DE5AD7F2D657}.Encrypt|x86.ActiveCfg = Release|Any CPU
		{A9B9D2C9-45EF-471F-B841-DE5AD7F2D657}.Encrypt|x86.Build.0 = Release|Any CPU
		{A9B9D2C9-45EF-471F-B841-DE5AD7F2D657}.Release|Any CPU.ActiveCfg = Release|Any CPU
		{A9B9D2C9-45EF-471F-B841-DE5AD7F2D657}.Release|Any CPU.Build.0 = Release|Any CPU
		{A9B9D2C9-45EF-471F-B841-DE5AD7F2D657}.Release|Mixed Platforms.ActiveCfg = Release|Any CPU
		{A9B9D2C9-45EF-471F-B841-DE5AD7F2D657}.Release|Mixed Platforms.Build.0 = Release|Any CPU
		{A9B9D2C9-45EF-471F-B841-DE5AD7F2D657}.Release|x64.ActiveCfg = Release|x64
		{A9B9D2C9-45EF-471F-B841-DE5AD7F2D657}.Release|x64.Build.0 = Release|x64
		{A9B9D2C9-45EF-471F-B841-DE5AD7F2D657}.Release|x86.ActiveCfg = Release|Any CPU
		{A9B9D2C9-45EF-471F-B841-DE5AD7F2D657}.Release|x86.Build.0 = Release|Any CPU
		{F297E2F9-A51C-47AD-80E6-D79DC033DEB7}.Debug|Any CPU.ActiveCfg = Debug|Any CPU
		{F297E2F9-A51C-47AD-80E6-D79DC033DEB7}.Debug|Any CPU.Build.0 = Debug|Any CPU
		{F297E2F9-A51C-47AD-80E6-D79DC033DEB7}.Debug|Mixed Platforms.ActiveCfg = Debug|Any CPU
		{F297E2F9-A51C-47AD-80E6-D79DC033DEB7}.Debug|Mixed Platforms.Build.0 = Debug|Any CPU
		{F297E2F9-A51C-47AD-80E6-D79DC033DEB7}.Debug|x64.ActiveCfg = Debug|x64
		{F297E2F9-A51C-47AD-80E6-D79DC033DEB7}.Debug|x64.Build.0 = Debug|x64
		{F297E2F9-A51C-47AD-80E6-D79DC033DEB7}.Debug|x86.ActiveCfg = Debug|Any CPU
		{F297E2F9-A51C-47AD-80E6-D79DC033DEB7}.Debug|x86.Build.0 = Debug|Any CPU
		{F297E2F9-A51C-47AD-80E6-D79DC033DEB7}.Encrypt|Any CPU.ActiveCfg = Release|Any CPU
		{F297E2F9-A51C-47AD-80E6-D79DC033DEB7}.Encrypt|Any CPU.Build.0 = Release|Any CPU
		{F297E2F9-A51C-47AD-80E6-D79DC033DEB7}.Encrypt|Mixed Platforms.ActiveCfg = Release|Any CPU
		{F297E2F9-A51C-47AD-80E6-D79DC033DEB7}.Encrypt|Mixed Platforms.Build.0 = Release|Any CPU
		{F297E2F9-A51C-47AD-80E6-D79DC033DEB7}.Encrypt|x64.ActiveCfg = Release|x64
		{F297E2F9-A51C-47AD-80E6-D79DC033DEB7}.Encrypt|x64.Build.0 = Release|x64
		{F297E2F9-A51C-47AD-80E6-D79DC033DEB7}.Encrypt|x86.ActiveCfg = Release|Any CPU
		{F297E2F9-A51C-47AD-80E6-D79DC033DEB7}.Encrypt|x86.Build.0 = Release|Any CPU
		{F297E2F9-A51C-47AD-80E6-D79DC033DEB7}.Release|Any CPU.ActiveCfg = Release|Any CPU
		{F297E2F9-A51C-47AD-80E6-D79DC033DEB7}.Release|Any CPU.Build.0 = Release|Any CPU
		{F297E2F9-A51C-47AD-80E6-D79DC033DEB7}.Release|Mixed Platforms.ActiveCfg = Release|Any CPU
		{F297E2F9-A51C-47AD-80E6-D79DC033DEB7}.Release|Mixed Platforms.Build.0 = Release|Any CPU
		{F297E2F9-A51C-47AD-80E6-D79DC033DEB7}.Release|x64.ActiveCfg = Release|x64
		{F297E2F9-A51C-47AD-80E6-D79DC033DEB7}.Release|x64.Build.0 = Release|x64
		{F297E2F9-A51C-47AD-80E6-D79DC033DEB7}.Release|x86.ActiveCfg = Release|Any CPU
		{F297E2F9-A51C-47AD-80E6-D79DC033DEB7}.Release|x86.Build.0 = Release|Any CPU
		{CB3EDD09-DC48-4D06-816C-44321DE3A107}.Debug|Any CPU.ActiveCfg = Debug|Any CPU
		{CB3EDD09-DC48-4D06-816C-44321DE3A107}.Debug|Any CPU.Build.0 = Debug|Any CPU
		{CB3EDD09-DC48-4D06-816C-44321DE3A107}.Debug|Mixed Platforms.ActiveCfg = Debug|Any CPU
		{CB3EDD09-DC48-4D06-816C-44321DE3A107}.Debug|Mixed Platforms.Build.0 = Debug|Any CPU
		{CB3EDD09-DC48-4D06-816C-44321DE3A107}.Debug|x64.ActiveCfg = Debug|Any CPU
		{CB3EDD09-DC48-4D06-816C-44321DE3A107}.Debug|x64.Build.0 = Debug|Any CPU
		{CB3EDD09-DC48-4D06-816C-44321DE3A107}.Debug|x86.ActiveCfg = Debug|Any CPU
		{CB3EDD09-DC48-4D06-816C-44321DE3A107}.Debug|x86.Build.0 = Debug|Any CPU
		{CB3EDD09-DC48-4D06-816C-44321DE3A107}.Encrypt|Any CPU.ActiveCfg = Release|Any CPU
		{CB3EDD09-DC48-4D06-816C-44321DE3A107}.Encrypt|Any CPU.Build.0 = Release|Any CPU
		{CB3EDD09-DC48-4D06-816C-44321DE3A107}.Encrypt|Mixed Platforms.ActiveCfg = Release|Any CPU
		{CB3EDD09-DC48-4D06-816C-44321DE3A107}.Encrypt|Mixed Platforms.Build.0 = Release|Any CPU
		{CB3EDD09-DC48-4D06-816C-44321DE3A107}.Encrypt|x64.ActiveCfg = Release|Any CPU
		{CB3EDD09-DC48-4D06-816C-44321DE3A107}.Encrypt|x64.Build.0 = Release|Any CPU
		{CB3EDD09-DC48-4D06-816C-44321DE3A107}.Encrypt|x86.ActiveCfg = Release|Any CPU
		{CB3EDD09-DC48-4D06-816C-44321DE3A107}.Encrypt|x86.Build.0 = Release|Any CPU
		{CB3EDD09-DC48-4D06-816C-44321DE3A107}.Release|Any CPU.ActiveCfg = Release|Any CPU
		{CB3EDD09-DC48-4D06-816C-44321DE3A107}.Release|Any CPU.Build.0 = Release|Any CPU
		{CB3EDD09-DC48-4D06-816C-44321DE3A107}.Release|Mixed Platforms.ActiveCfg = Release|Any CPU
		{CB3EDD09-DC48-4D06-816C-44321DE3A107}.Release|Mixed Platforms.Build.0 = Release|Any CPU
		{CB3EDD09-DC48-4D06-816C-44321DE3A107}.Release|x64.ActiveCfg = Release|Any CPU
		{CB3EDD09-DC48-4D06-816C-44321DE3A107}.Release|x64.Build.0 = Release|Any CPU
		{CB3EDD09-DC48-4D06-816C-44321DE3A107}.Release|x86.ActiveCfg = Release|Any CPU
		{CB3EDD09-DC48-4D06-816C-44321DE3A107}.Release|x86.Build.0 = Release|Any CPU
	EndGlobalSection
	GlobalSection(SolutionProperties) = preSolution
		HideSolutionNode = FALSE
	EndGlobalSection
	GlobalSection(NestedProjects) = preSolution
		{E2365577-551A-40CA-A2CE-FA9253B55189} = {9D328F8A-5ABF-4A04-9CF4-D3A096EB8E32}
		{81FE14CB-677D-4F30-91B4-1BF604FAF2BD} = {CE29CC6E-F5DC-4F85-BC00-F0FAC9B791C6}
		{4CAA70BB-5804-464B-B2AF-31558523DBB4} = {458897BD-948A-42A3-B3C8-22F8CE85353F}
		{3B4D3680-1358-4983-B326-A8658ED1B08C} = {CE29CC6E-F5DC-4F85-BC00-F0FAC9B791C6}
		{2D831CBC-E343-46D5-9E84-0997AD932D0F} = {458897BD-948A-42A3-B3C8-22F8CE85353F}
		{E9CABFEB-A5D8-4EBE-9E30-4A6E66B46F86} = {07D7B5C6-FC93-49DD-B03A-76C3B54FC9A5}
		{884D3BD0-9F3E-49C1-89A6-132359A07E13} = {458897BD-948A-42A3-B3C8-22F8CE85353F}
		{220A6F97-0A99-4DB8-AAE6-B41B681723E5} = {CE29CC6E-F5DC-4F85-BC00-F0FAC9B791C6}
		{C5074A6E-5B41-4C82-91C2-F8C68088C288} = {458897BD-948A-42A3-B3C8-22F8CE85353F}
		{CA092584-5921-4256-A591-131BC55FC20A} = {07D7B5C6-FC93-49DD-B03A-76C3B54FC9A5}
		{EB9FBD1C-DE94-4323-9CC7-50DD52A2D88B} = {07D7B5C6-FC93-49DD-B03A-76C3B54FC9A5}
		{2487CD75-7E93-4322-8F08-158DA1C11768} = {E706DAD4-1084-4982-AB90-ED8E96479EAA}
		{D1BA6F01-BE29-4C40-B371-B52692A56C9F} = {458897BD-948A-42A3-B3C8-22F8CE85353F}
		{CD373B7D-DD7A-45C2-B401-F847D9B46E7C} = {458897BD-948A-42A3-B3C8-22F8CE85353F}
		{617C4B16-7BD6-40F0-BF0C-E90E0E843DB5} = {458897BD-948A-42A3-B3C8-22F8CE85353F}
		{C7343D1B-3F25-4F90-B74F-4122D8D6B5F9} = {E706DAD4-1084-4982-AB90-ED8E96479EAA}
		{CB6F21C6-8301-4159-B4E7-601CC72B52B2} = {458897BD-948A-42A3-B3C8-22F8CE85353F}
		{A9B9D2C9-45EF-471F-B841-DE5AD7F2D657} = {9D328F8A-5ABF-4A04-9CF4-D3A096EB8E32}
		{F297E2F9-A51C-47AD-80E6-D79DC033DEB7} = {E706DAD4-1084-4982-AB90-ED8E96479EAA}
		{CB3EDD09-DC48-4D06-816C-44321DE3A107} = {458897BD-948A-42A3-B3C8-22F8CE85353F}
	EndGlobalSection
	GlobalSection(ExtensibilityGlobals) = postSolution
		SolutionGuid = {BFD90465-8432-4D63-AD2E-92DB7204B3B7}
	EndGlobalSection
EndGlobal
